{
  "name": "communications",
  "lockfileVersion": 2,
  "requires": true,
  "packages": {
    "": {
      "dependencies": {
        "colorbrewer": "^1.5.3",
        "graphviz": "^0.0.9",
        "lodash": "^4.17.21",
        "normalize.css": "^8.0.1"
      }
    },
    "node_modules/colorbrewer": {
      "version": "1.5.3",
      "resolved": "https://registry.npmjs.org/colorbrewer/-/colorbrewer-1.5.3.tgz",
      "integrity": "sha512-ee4k+3P0rzHtikVcmBsO0N81J2JBjE93S9BM21WwdHS30oZe6Okp0VDJViS9y5aUL8kedEXzL7Yfi9WzO5ghYQ=="
    },
    "node_modules/graphviz": {
      "version": "0.0.9",
      "resolved": "https://registry.npmjs.org/graphviz/-/graphviz-0.0.9.tgz",
      "integrity": "sha512-SmoY2pOtcikmMCqCSy2NO1YsRfu9OO0wpTlOYW++giGjfX1a6gax/m1Fo8IdUd0/3H15cTOfR1SMKwohj4LKsg==",
      "dependencies": {
        "temp": "~0.4.0"
      },
      "engines": {
        "node": ">=0.6.8"
      }
    },
    "node_modules/lodash": {
      "version": "4.17.21",
      "resolved": "https://registry.npmjs.org/lodash/-/lodash-4.17.21.tgz",
      "integrity": "sha512-v2kDEe57lecTulaDIuNTPy3Ry4gLGJ6Z1O3vE1krgXZNrsQ+LFTGHVxVjcXPs17LhbZVGedAJv8XZ1tvj5FvSg=="
    },
    "node_modules/normalize.css": {
      "version": "8.0.1",
      "resolved": "https://registry.npmjs.org/normalize.css/-/normalize.css-8.0.1.tgz",
      "integrity": "sha512-qizSNPO93t1YUuUhP22btGOo3chcvDFqFaj2TRybP0DMxkHOCTYwp3n34fel4a31ORXy4m1Xq0Gyqpb5m33qIg=="
    },
    "node_modules/temp": {
      "version": "0.4.0",
      "resolved": "https://registry.npmjs.org/temp/-/temp-0.4.0.tgz",
      "integrity": "sha512-IsFisGgDKk7qzK9erMIkQe/XwiSUdac7z3wYOsjcLkhPBy3k1SlvLoIh2dAHIlEpgA971CgguMrx9z8fFg7tSA==",
      "engines": [
        "node >=0.4.0"
      ]
    }
  },
  "dependencies": {
    "colorbrewer": {
      "version": "1.5.3",
      "resolved": "https://registry.npmjs.org/colorbrewer/-/colorbrewer-1.5.3.tgz",
      "integrity": "sha512-ee4k+3P0rzHtikVcmBsO0N81J2JBjE93S9BM21WwdHS30oZe6Okp0VDJViS9y5aUL8kedEXzL7Yfi9WzO5ghYQ=="
    },
    "graphviz": {
      "version": "0.0.9",
      "resolved": "https://registry.npmjs.org/graphviz/-/graphviz-0.0.9.tgz",
      "integrity": "sha512-SmoY2pOtcikmMCqCSy2NO1YsRfu9OO0wpTlOYW++giGjfX1a6gax/m1Fo8IdUd0/3H15cTOfR1SMKwohj4LKsg==",
      "requires": {
        "temp": "~0.4.0"
      }
    },
    "lodash": {
      "version": "4.17.21",
      "resolved": "https://registry.npmjs.org/lodash/-/lodash-4.17.21.tgz",
      "integrity": "sha512-v2kDEe57lecTulaDIuNTPy3Ry4gLGJ6Z1O3vE1krgXZNrsQ+LFTGHVxVjcXPs17LhbZVGedAJv8XZ1tvj5FvSg=="
    },
    "normalize.css": {
      "version": "8.0.1",
      "resolved": "https://registry.npmjs.org/normalize.css/-/normalize.css-8.0.1.tgz",
      "integrity": "sha512-qizSNPO93t1YUuUhP22btGOo3chcvDFqFaj2TRybP0DMxkHOCTYwp3n34fel4a31ORXy4m1Xq0Gyqpb5m33qIg=="
    },
    "temp": {
      "version": "0.4.0",
      "resolved": "https://registry.npmjs.org/temp/-/temp-0.4.0.tgz",
      "integrity": "sha512-IsFisGgDKk7qzK9erMIkQe/XwiSUdac7z3wYOsjcLkhPBy3k1SlvLoIh2dAHIlEpgA971CgguMrx9z8fFg7tSA=="
    }
  }
}
